
Microsoft Visual Studio Solution File, Format Version 12.00
# Visual Studio Version 17
VisualStudioVersion = 17.7.34024.191
MinimumVisualStudioVersion = 10.0.40219.1
Project("{8BC9CEB8-8B4A-11D0-8D11-00A0C91BC942}") = "final_test", "final_test.vcxproj", "{4247F08B-B795-4AB3-8DFF-AF13BFFA7462}"
EndProject
Global
	GlobalSection(SolutionConfigurationPlatforms) = preSolution
		Debug|x64 = Debug|x64
		Debug|x86 = Debug|x86
		Release|x64 = Release|x64
		Release|x86 = Release|x86
	EndGlobalSection
	GlobalSection(ProjectConfigurationPlatforms) = postSolution
		{4247F08B-B795-4AB3-8DFF-AF13BFFA7462}.Debug|x64.ActiveCfg = Debug|x64
		{4247F08B-B795-4AB3-8DFF-AF13BFFA7462}.Debug|x64.Build.0 = Debug|x64
		{4247F08B-B795-4AB3-8DFF-AF13BFFA7462}.Debug|x86.ActiveCfg = Debug|Win32
		{4247F08B-B795-4AB3-8DFF-AF13BFFA7462}.Debug|x86.Build.0 = Debug|Win32
		{4247F08B-B795-4AB3-8DFF-AF13BFFA7462}.Release|x64.ActiveCfg = Release|x64
		{4247F08B-B795-4AB3-8DFF-AF13BFFA7462}.Release|x64.Build.0 = Release|x64
		{4247F08B-B795-4AB3-8DFF-AF13BFFA7462}.Release|x86.ActiveCfg = Release|Win32
		{4247F08B-B795-4AB3-8DFF-AF13BFFA7462}.Release|x86.Build.0 = Release|Win32
	EndGlobalSection
	GlobalSection(SolutionProperties) = preSolution
		HideSolutionNode = FALSE
	EndGlobalSection
	GlobalSection(ExtensibilityGlobals) = postSolution
		SolutionGuid = {D5713942-E3F8-44D1-9074-B4E656F84E38}
	EndGlobalSection
EndGlobal
